
Microsoft Visual Studio Solution File, Format Version 12.00
# Visual Studio Version 17
VisualStudioVersion = 17.4.33103.184
MinimumVisualStudioVersion = 10.0.40219.1
Project("{FAE04EC0-301F-11D3-BF4B-00C04F79EFBC}") = "Movies_Api", "Movies_Api.csproj", "{F009EF3E-F123-47DF-84E8-B9E865B01F28}"
EndProject
Global
	GlobalSection(SolutionConfigurationPlatforms) = preSolution
		Debug|Any CPU = Debug|Any CPU
		Release|Any CPU = Release|Any CPU
	EndGlobalSection
	GlobalSection(ProjectConfigurationPlatforms) = postSolution
		{F009EF3E-F123-47DF-84E8-B9E865B01F28}.Debug|Any CPU.ActiveCfg = Debug|Any CPU
		{F009EF3E-F123-47DF-84E8-B9E865B01F28}.Debug|Any CPU.Build.0 = Debug|Any CPU
		{F009EF3E-F123-47DF-84E8-B9E865B01F28}.Release|Any CPU.ActiveCfg = Release|Any CPU
		{F009EF3E-F123-47DF-84E8-B9E865B01F28}.Release|Any CPU.Build.0 = Release|Any CPU
	EndGlobalSection
	GlobalSection(SolutionProperties) = preSolution
		HideSolutionNode = FALSE
	EndGlobalSection
	GlobalSection(ExtensibilityGlobals) = postSolution
		SolutionGuid = {D11DB005-1873-4E1C-A7D8-DA89A331962C}
	EndGlobalSection
EndGlobal
